
Microsoft Visual Studio Solution File, Format Version 12.00
# Visual Studio Version 17
VisualStudioVersion = 17.5.002.0
MinimumVisualStudioVersion = 10.0.40219.1
Project("{9A19103F-16F7-4668-BE54-9A1E7A4F7556}") = "static clases use cases", "static clases use cases.csproj", "{66339102-179E-4637-8FDA-4BC1A1984CE2}"
EndProject
Global
	GlobalSection(SolutionConfigurationPlatforms) = preSolution
		Debug|Any CPU = Debug|Any CPU
		Release|Any CPU = Release|Any CPU
	EndGlobalSection
	GlobalSection(ProjectConfigurationPlatforms) = postSolution
		{66339102-179E-4637-8FDA-4BC1A1984CE2}.Debug|Any CPU.ActiveCfg = Debug|Any CPU
		{66339102-179E-4637-8FDA-4BC1A1984CE2}.Debug|Any CPU.Build.0 = Debug|Any CPU
		{66339102-179E-4637-8FDA-4BC1A1984CE2}.Release|Any CPU.ActiveCfg = Release|Any CPU
		{66339102-179E-4637-8FDA-4BC1A1984CE2}.Release|Any CPU.Build.0 = Release|Any CPU
	EndGlobalSection
	GlobalSection(SolutionProperties) = preSolution
		HideSolutionNode = FALSE
	EndGlobalSection
	GlobalSection(ExtensibilityGlobals) = postSolution
		SolutionGuid = {0F9F4EEE-A8EB-415A-932D-B13BDEE164A4}
	EndGlobalSection
EndGlobal
